{
  "object": {
    "pins": [
      {
        "package": "ARCL",
        "repositoryURL": "https://github.com/ProjectDent/ARKit-CoreLocation",
        "state": {
          "branch": null,
          "revision": "42abf4f47b191b153d4bfe4509f15617aadd837d",
          "version": "1.3.0"
        }
      },
      {
        "package": "BottomSheet",
        "repositoryURL": "https://github.com/LucasMucGH/BottomSheet",
        "state": {
          "branch": "main",
          "revision": "5b5e42a3ff21af6f4bd7f2093e848017369d2b8e",
          "version": null
        }
      },
      {
        "package": "PermissionsSwiftUI",
        "repositoryURL": "https://github.com/jevonmao/PermissionsSwiftUI",
        "state": {
          "branch": null,
          "revision": "3befec70bb249bad9e7f75ca050fe8b9806b3750",
          "version": "1.4.0"
        }
      },
      {
        "package": "Introspect",
        "repositoryURL": "https://github.com/siteline/SwiftUI-Introspect",
        "state": {
          "branch": "master",
          "revision": "482e0d302f93e386efd5a967a38af478cf249204",
          "version": null
        }
      }
    ]
  },
  "version": 1
}
