{
  "object": {
    "pins": [
      {
        "package": "ARCL",
        "repositoryURL": "https://github.com/ProjectDent/ARKit-CoreLocation",
        "state": {
          "branch": null,
          "revision": "42abf4f47b191b153d4bfe4509f15617aadd837d",
          "version": "1.3.0"
        }
      },
      {
        "package": "BottomSheet",
        "repositoryURL": "https://github.com/dbarsamian/BottomSheet",
        "state": {
          "branch": "main",
          "revision": "e828a12baf1e6cb6b0399628fbff09c88440ef28",
          "version": null
        }
      },
      {
        "package": "PermissionsSwiftUI",
        "repositoryURL": "https://github.com/jevonmao/PermissionsSwiftUI",
        "state": {
          "branch": null,
          "revision": "fbcf29cb74140c8f115930653f400024f134f739",
          "version": "1.2.5"
        }
      },
      {
        "package": "Introspect",
        "repositoryURL": "https://github.com/siteline/SwiftUI-Introspect",
        "state": {
          "branch": "master",
          "revision": "894289d16be7d1af350d9c5cb84801991fa47059",
          "version": null
        }
      }
    ]
  },
  "version": 1
}
