{
  "object": {
    "pins": [
      {
        "package": "ARCL",
        "repositoryURL": "https://github.com/ProjectDent/ARKit-CoreLocation",
        "state": {
          "branch": null,
          "revision": "42abf4f47b191b153d4bfe4509f15617aadd837d",
          "version": "1.3.0"
        }
      },
      {
        "package": "BottomSheet",
        "repositoryURL": "https://github.com/LucasMucGH/BottomSheet",
        "state": {
          "branch": null,
          "revision": "39e70dd4db2a8e4955284875dbdea08adc570988",
          "version": "1.0.4"
        }
      },
      {
        "package": "PermissionsSwiftUI",
        "repositoryURL": "https://github.com/jevonmao/PermissionsSwiftUI",
        "state": {
          "branch": null,
          "revision": "87b24bb3139692f47741454c755660a0c61c6c64",
          "version": "1.2.3"
        }
      },
      {
        "package": "Drawer",
        "repositoryURL": "https://github.com/sqyr/swiftui-drawer",
        "state": {
          "branch": null,
          "revision": "2ef4f0a9e977169553c6c0aeacb4a160be38990e",
          "version": "0.1.1"
        }
      },
      {
        "package": "Introspect",
        "repositoryURL": "https://github.com/siteline/SwiftUI-Introspect",
        "state": {
          "branch": "master",
          "revision": "894289d16be7d1af350d9c5cb84801991fa47059",
          "version": null
        }
      }
    ]
  },
  "version": 1
}
